<?xml version="1.0" encoding="utf-8"?>
<Project ToolsVersion="4.0" xmlns="http://schemas.microsoft.com/developer/msbuild/2003">
  <ItemGroup>
    <Filter Include="Source">
      <UniqueIdentifier>{2bdaf59d-fc6d-4218-828c-f940140462ba}</UniqueIdentifier>
    </Filter>
  </ItemGroup>
  <ItemGroup>
    <ClCompile Include="SNIIS_Intern.cpp">
      <Filter>Source</Filter>
    </ClCompile>
    <ClCompile Include="SNIIS_Win.cpp">
      <Filter>Source</Filter>
    </ClCompile>
    <ClCompile Include="SNIIS_Win_Joystick.cpp">
      <Filter>Source</Filter>
    </ClCompile>
    <ClCompile Include="SNIIS_Win_Keyboard.cpp">
      <Filter>Source</Filter>
    </ClCompile>
    <ClCompile Include="SNIIS_Win_Mouse.cpp">
      <Filter>Source</Filter>
    </ClCompile>
    <ClCompile Include="SNIIS_C.cpp">
      <Filter>Source</Filter>
    </ClCompile>
  </ItemGroup>
  <ItemGroup>
    <ClInclude Include="SNIIS_Intern.h">
      <Filter>Source</Filter>
    </ClInclude>
    <ClInclude Include="SNIIS_Win.h">
      <Filter>Source</Filter>
    </ClInclude>
    <ClInclude Include="SNIIS_C.h">
      <Filter>Source</Filter>
    </ClInclude>
    <ClInclude Include="SNIIS.h">
      <Filter>Source</Filter>
    </ClInclude>
  </ItemGroup>
</Project>